dependencies:
- name: minio
  repository: https://charts.bitnami.com/bitnami
  version: 17.0.21
- name: yugabyte
  repository: https://charts.yugabyte.com
  version: 2025.2.0
digest: sha256:5337220f510b513fb5c2f5a93d949df54bdeea05265b3b4e114a274b656a4c56
generated: "2026-02-06T18:28:11.4269477-08:00"
